
Microsoft Visual Studio Solution File, Format Version 12.00
# Visual Studio Version 17
VisualStudioVersion = 17.2.32630.192
MinimumVisualStudioVersion = 10.0.40219.1
Project("{FAE04EC0-301F-11D3-BF4B-00C04F79EFBC}") = "LogFilesServiceCompressor", "LogServiceCompressor\LogFilesServiceCompressor.csproj", "{2C3B7686-C95B-4556-B6D5-0B99A71DDB28}"
EndProject
Project("{9A19103F-16F7-4668-BE54-9A1E7A4F7556}") = "LogFilesServiceCompressor.Test", "LogFilesServiceCompressor.Test\LogFilesServiceCompressor.Test.csproj", "{0F71BD96-9E64-46EF-991A-FDBD90341C75}"
EndProject
Global
	GlobalSection(SolutionConfigurationPlatforms) = preSolution
		Debug|Any CPU = Debug|Any CPU
		Release|Any CPU = Release|Any CPU
	EndGlobalSection
	GlobalSection(ProjectConfigurationPlatforms) = postSolution
		{2C3B7686-C95B-4556-B6D5-0B99A71DDB28}.Debug|Any CPU.ActiveCfg = Debug|Any CPU
		{2C3B7686-C95B-4556-B6D5-0B99A71DDB28}.Debug|Any CPU.Build.0 = Debug|Any CPU
		{2C3B7686-C95B-4556-B6D5-0B99A71DDB28}.Release|Any CPU.ActiveCfg = Release|Any CPU
		{2C3B7686-C95B-4556-B6D5-0B99A71DDB28}.Release|Any CPU.Build.0 = Release|Any CPU
		{0F71BD96-9E64-46EF-991A-FDBD90341C75}.Debug|Any CPU.ActiveCfg = Debug|Any CPU
		{0F71BD96-9E64-46EF-991A-FDBD90341C75}.Debug|Any CPU.Build.0 = Debug|Any CPU
		{0F71BD96-9E64-46EF-991A-FDBD90341C75}.Release|Any CPU.ActiveCfg = Release|Any CPU
		{0F71BD96-9E64-46EF-991A-FDBD90341C75}.Release|Any CPU.Build.0 = Release|Any CPU
	EndGlobalSection
	GlobalSection(SolutionProperties) = preSolution
		HideSolutionNode = FALSE
	EndGlobalSection
	GlobalSection(ExtensibilityGlobals) = postSolution
		SolutionGuid = {1D57FEDE-93FA-41AF-9EE4-4DDCF01C71C5}
	EndGlobalSection
EndGlobal
